
Microsoft Visual Studio Solution File, Format Version 12.00
# Visual Studio 15
VisualStudioVersion = 15.0.36001.139
MinimumVisualStudioVersion = 10.0.40219.1
Project("{8BC9CEB8-8B4A-11D0-8D11-00A0C91BC942}") = "DataContainers", "DataContainers\DataContainers.vcxproj", "{25E2BFFC-7ABD-4A42-B2EC-038DEE9E6A90}"
EndProject
Project("{8BC9CEB8-8B4A-11D0-8D11-00A0C91BC942}") = "ForwardList", "ForwardList\ForwardList.vcxproj", "{AB4A5469-E0C9-4FB2-A754-7CDE9E324803}"
EndProject
Project("{8BC9CEB8-8B4A-11D0-8D11-00A0C91BC942}") = "List2", "List2\List2.vcxproj", "{8C98C422-80F6-4232-AFFC-D9CC5F1E7C77}"
EndProject
Global
	GlobalSection(SolutionConfigurationPlatforms) = preSolution
		Debug|x64 = Debug|x64
		Debug|x86 = Debug|x86
		Release|x64 = Release|x64
		Release|x86 = Release|x86
	EndGlobalSection
	GlobalSection(ProjectConfigurationPlatforms) = postSolution
		{25E2BFFC-7ABD-4A42-B2EC-038DEE9E6A90}.Debug|x64.ActiveCfg = Debug|x64
		{25E2BFFC-7ABD-4A42-B2EC-038DEE9E6A90}.Debug|x64.Build.0 = Debug|x64
		{25E2BFFC-7ABD-4A42-B2EC-038DEE9E6A90}.Debug|x86.ActiveCfg = Debug|Win32
		{25E2BFFC-7ABD-4A42-B2EC-038DEE9E6A90}.Debug|x86.Build.0 = Debug|Win32
		{25E2BFFC-7ABD-4A42-B2EC-038DEE9E6A90}.Release|x64.ActiveCfg = Release|x64
		{25E2BFFC-7ABD-4A42-B2EC-038DEE9E6A90}.Release|x64.Build.0 = Release|x64
		{25E2BFFC-7ABD-4A42-B2EC-038DEE9E6A90}.Release|x86.ActiveCfg = Release|Win32
		{25E2BFFC-7ABD-4A42-B2EC-038DEE9E6A90}.Release|x86.Build.0 = Release|Win32
		{AB4A5469-E0C9-4FB2-A754-7CDE9E324803}.Debug|x64.ActiveCfg = Debug|x64
		{AB4A5469-E0C9-4FB2-A754-7CDE9E324803}.Debug|x64.Build.0 = Debug|x64
		{AB4A5469-E0C9-4FB2-A754-7CDE9E324803}.Debug|x86.ActiveCfg = Debug|Win32
		{AB4A5469-E0C9-4FB2-A754-7CDE9E324803}.Debug|x86.Build.0 = Debug|Win32
		{AB4A5469-E0C9-4FB2-A754-7CDE9E324803}.Release|x64.ActiveCfg = Release|x64
		{AB4A5469-E0C9-4FB2-A754-7CDE9E324803}.Release|x64.Build.0 = Release|x64
		{AB4A5469-E0C9-4FB2-A754-7CDE9E324803}.Release|x86.ActiveCfg = Release|Win32
		{AB4A5469-E0C9-4FB2-A754-7CDE9E324803}.Release|x86.Build.0 = Release|Win32
		{8C98C422-80F6-4232-AFFC-D9CC5F1E7C77}.Debug|x64.ActiveCfg = Debug|x64
		{8C98C422-80F6-4232-AFFC-D9CC5F1E7C77}.Debug|x64.Build.0 = Debug|x64
		{8C98C422-80F6-4232-AFFC-D9CC5F1E7C77}.Debug|x86.ActiveCfg = Debug|Win32
		{8C98C422-80F6-4232-AFFC-D9CC5F1E7C77}.Debug|x86.Build.0 = Debug|Win32
		{8C98C422-80F6-4232-AFFC-D9CC5F1E7C77}.Release|x64.ActiveCfg = Release|x64
		{8C98C422-80F6-4232-AFFC-D9CC5F1E7C77}.Release|x64.Build.0 = Release|x64
		{8C98C422-80F6-4232-AFFC-D9CC5F1E7C77}.Release|x86.ActiveCfg = Release|Win32
		{8C98C422-80F6-4232-AFFC-D9CC5F1E7C77}.Release|x86.Build.0 = Release|Win32
	EndGlobalSection
	GlobalSection(SolutionProperties) = preSolution
		HideSolutionNode = FALSE
	EndGlobalSection
	GlobalSection(ExtensibilityGlobals) = postSolution
		SolutionGuid = {F5E4612E-04CC-4CDF-BB97-D7D9CF670D79}
	EndGlobalSection
EndGlobal
